
Microsoft Visual Studio Solution File, Format Version 12.00
# Visual Studio 15
VisualStudioVersion = 15.0.27130.2010
MinimumVisualStudioVersion = 10.0.40219.1
Project("{FAE04EC0-301F-11D3-BF4B-00C04F79EFBC}") = "CodeAcademyAttendanceSystemAPI", "CodeAcademyAttendanceSystemAPI\CodeAcademyAttendanceSystemAPI.csproj", "{7F436AFF-027C-4AC1-8825-CAE31E2F4A15}"
EndProject
Global
	GlobalSection(SolutionConfigurationPlatforms) = preSolution
		Debug|Any CPU = Debug|Any CPU
		Release|Any CPU = Release|Any CPU
	EndGlobalSection
	GlobalSection(ProjectConfigurationPlatforms) = postSolution
		{7F436AFF-027C-4AC1-8825-CAE31E2F4A15}.Debug|Any CPU.ActiveCfg = Debug|Any CPU
		{7F436AFF-027C-4AC1-8825-CAE31E2F4A15}.Debug|Any CPU.Build.0 = Debug|Any CPU
		{7F436AFF-027C-4AC1-8825-CAE31E2F4A15}.Release|Any CPU.ActiveCfg = Release|Any CPU
		{7F436AFF-027C-4AC1-8825-CAE31E2F4A15}.Release|Any CPU.Build.0 = Release|Any CPU
	EndGlobalSection
	GlobalSection(SolutionProperties) = preSolution
		HideSolutionNode = FALSE
	EndGlobalSection
	GlobalSection(ExtensibilityGlobals) = postSolution
		SolutionGuid = {339A231E-B695-46DC-879C-1128F1163236}
	EndGlobalSection
EndGlobal
